// !$*UTF8*$!
{
	archiveVersion = 1;
	classes = {
	};
	objectVersion = 46;
	objects = {

/* Begin PBXBuildFile section */
		516653861E2D41BF00E28FB3 /* ExpandFromSizeTests.swift in Sources */ = {isa = PBXBuildFile; fileRef = 516653851E2D41BF00E28FB3 /* ExpandFromSizeTests.swift */; };
		516653881E2D489B00E28FB3 /* ManageSizeTests.swift in Sources */ = {isa = PBXBuildFile; fileRef = 516653871E2D489B00E28FB3 /* ManageSizeTests.swift */; };
		960A45CE23C4015000581A04 /* ConstraidProxy.swift in Sources */ = {isa = PBXBuildFile; fileRef = 960A45CD23C4015000581A04 /* ConstraidProxy.swift */; };
		960A45D023C4103400581A04 /* ConstraidProxy+ManageSize.swift in Sources */ = {isa = PBXBuildFile; fileRef = 960A45CF23C4103400581A04 /* ConstraidProxy+ManageSize.swift */; };
		960A45D223C4156700581A04 /* ConstraidProxy+ManageRelativePosition.swift in Sources */ = {isa = PBXBuildFile; fileRef = 960A45D123C4156700581A04 /* ConstraidProxy+ManageRelativePosition.swift */; };
		968AE36323C500C90091E352 /* ConstraidProxy+FlushWithEdges.swift in Sources */ = {isa = PBXBuildFile; fileRef = 968AE36223C500C90091E352 /* ConstraidProxy+FlushWithEdges.swift */; };
		968AE36523C51A560091E352 /* ConstraidProxy+FlushWithMargins.swift in Sources */ = {isa = PBXBuildFile; fileRef = 968AE36423C51A560091E352 /* ConstraidProxy+FlushWithMargins.swift */; };
		968AE36723C51DD50091E352 /* ConstraidProxy+CenterWithinEdges.swift in Sources */ = {isa = PBXBuildFile; fileRef = 968AE36623C51DD50091E352 /* ConstraidProxy+CenterWithinEdges.swift */; };
		968AE36923C521750091E352 /* ConstraidProxy+CenterWithinMargins.swift in Sources */ = {isa = PBXBuildFile; fileRef = 968AE36823C521750091E352 /* ConstraidProxy+CenterWithinMargins.swift */; };
		968AE36B23C5246E0091E352 /* ConstraidProxy+LimitByEdge.swift in Sources */ = {isa = PBXBuildFile; fileRef = 968AE36A23C5246E0091E352 /* ConstraidProxy+LimitByEdge.swift */; };
		968AE36D23C54AF20091E352 /* ConstraidProxy+LimitByMargin.swift in Sources */ = {isa = PBXBuildFile; fileRef = 968AE36C23C54AF20091E352 /* ConstraidProxy+LimitByMargin.swift */; };
		968AE36F23C54FC80091E352 /* ConstraidProxy+ExpandFromEdge.swift in Sources */ = {isa = PBXBuildFile; fileRef = 968AE36E23C54FC80091E352 /* ConstraidProxy+ExpandFromEdge.swift */; };
		968AE37123C5549E0091E352 /* ConstraidProxy+ExpandFromMargin.swift in Sources */ = {isa = PBXBuildFile; fileRef = 968AE37023C5549E0091E352 /* ConstraidProxy+ExpandFromMargin.swift */; };
		968AE37323C5596B0091E352 /* ConstraidProxy+ExpandFromSize.swift in Sources */ = {isa = PBXBuildFile; fileRef = 968AE37223C5596B0091E352 /* ConstraidProxy+ExpandFromSize.swift */; };
		968AE37523C55C610091E352 /* ConstraidProxy+ManageInstrisicSizeRelations.swift in Sources */ = {isa = PBXBuildFile; fileRef = 968AE37423C55C610091E352 /* ConstraidProxy+ManageInstrisicSizeRelations.swift */; };
		968AE37723C55E100091E352 /* ConstraidProxy+CupByEdge.swift in Sources */ = {isa = PBXBuildFile; fileRef = 968AE37623C55E100091E352 /* ConstraidProxy+CupByEdge.swift */; };
		968AE37923C55FB80091E352 /* ConstraidProxy+CupByMargin.swift in Sources */ = {isa = PBXBuildFile; fileRef = 968AE37823C55FB80091E352 /* ConstraidProxy+CupByMargin.swift */; };
		E9112A611E31A94A00F5CEC5 /* ManageRelativePositionTests.swift in Sources */ = {isa = PBXBuildFile; fileRef = E9112A601E31A94A00F5CEC5 /* ManageRelativePositionTests.swift */; };
		E9112A631E31AC6100F5CEC5 /* FlushWithEdgesTests.swift in Sources */ = {isa = PBXBuildFile; fileRef = E9112A621E31AC6100F5CEC5 /* FlushWithEdgesTests.swift */; };
		E91BE1FC1E54062800861A52 /* Constraint.swift in Sources */ = {isa = PBXBuildFile; fileRef = E91BE1FB1E54062800861A52 /* Constraint.swift */; };
		E91BE1FD1E54062800861A52 /* Constraint.swift in Sources */ = {isa = PBXBuildFile; fileRef = E91BE1FB1E54062800861A52 /* Constraint.swift */; };
		E91BE2001E54401700861A52 /* FlushWithMarginsTests.swift in Sources */ = {isa = PBXBuildFile; fileRef = E91BE1FE1E543FFE00861A52 /* FlushWithMarginsTests.swift */; };
		E922FEB023C72C1700D2A824 /* ConstraidProxyTests.swift in Sources */ = {isa = PBXBuildFile; fileRef = E922FEAE23C72B2F00D2A824 /* ConstraidProxyTests.swift */; };
		E922FEB123C7310900D2A824 /* ConstraidProxy.swift in Sources */ = {isa = PBXBuildFile; fileRef = 960A45CD23C4015000581A04 /* ConstraidProxy.swift */; };
		E922FEB223C7311800D2A824 /* ConstraidProxy+ManageSize.swift in Sources */ = {isa = PBXBuildFile; fileRef = 960A45CF23C4103400581A04 /* ConstraidProxy+ManageSize.swift */; };
		E922FEB323C7312900D2A824 /* ConstraidProxy+ManageRelativePosition.swift in Sources */ = {isa = PBXBuildFile; fileRef = 960A45D123C4156700581A04 /* ConstraidProxy+ManageRelativePosition.swift */; };
		E922FEB423C7313B00D2A824 /* ConstraidProxy+FlushWithEdges.swift in Sources */ = {isa = PBXBuildFile; fileRef = 968AE36223C500C90091E352 /* ConstraidProxy+FlushWithEdges.swift */; };
		E922FEB523C7315600D2A824 /* ConstraidProxy+CenterWithinEdges.swift in Sources */ = {isa = PBXBuildFile; fileRef = 968AE36623C51DD50091E352 /* ConstraidProxy+CenterWithinEdges.swift */; };
		E922FEB623C7316200D2A824 /* ConstraidProxy+LimitByEdge.swift in Sources */ = {isa = PBXBuildFile; fileRef = 968AE36A23C5246E0091E352 /* ConstraidProxy+LimitByEdge.swift */; };
		E922FEB723C7316A00D2A824 /* ConstraidProxy+ExpandFromEdge.swift in Sources */ = {isa = PBXBuildFile; fileRef = 968AE36E23C54FC80091E352 /* ConstraidProxy+ExpandFromEdge.swift */; };
		E922FEB823C7317B00D2A824 /* ConstraidProxy+ExpandFromSize.swift in Sources */ = {isa = PBXBuildFile; fileRef = 968AE37223C5596B0091E352 /* ConstraidProxy+ExpandFromSize.swift */; };
		E922FEB923C7318300D2A824 /* ConstraidProxy+ManageInstrisicSizeRelations.swift in Sources */ = {isa = PBXBuildFile; fileRef = 968AE37423C55C610091E352 /* ConstraidProxy+ManageInstrisicSizeRelations.swift */; };
		E922FEBA23C7318700D2A824 /* ConstraidProxy+CupByEdge.swift in Sources */ = {isa = PBXBuildFile; fileRef = 968AE37623C55E100091E352 /* ConstraidProxy+CupByEdge.swift */; };
		E94F31991FC569D1006A37B8 /* Constraid.h in Headers */ = {isa = PBXBuildFile; fileRef = E9CAB2A21E21954B00CDA4E2 /* Constraid.h */; settings = {ATTRIBUTES = (Public, ); }; };
		E984AB041E8CE904009C64A0 /* LimitByEdgeTests.swift in Sources */ = {isa = PBXBuildFile; fileRef = E984AB031E8CE904009C64A0 /* LimitByEdgeTests.swift */; };
		E99C6E321E530E1A00C72E5E /* ConstraintCollection.swift in Sources */ = {isa = PBXBuildFile; fileRef = E99C6E311E530E1A00C72E5E /* ConstraintCollection.swift */; };
		E99C6E331E530E2000C72E5E /* ConstraintCollection.swift in Sources */ = {isa = PBXBuildFile; fileRef = E99C6E311E530E1A00C72E5E /* ConstraintCollection.swift */; };
		E9BA3EAF1FB7B8EB00772FA4 /* CupByEdge.swift in Sources */ = {isa = PBXBuildFile; fileRef = E9BA3EAE1FB7B8EB00772FA4 /* CupByEdge.swift */; };
		E9BA3EB01FB7B8EB00772FA4 /* CupByEdge.swift in Sources */ = {isa = PBXBuildFile; fileRef = E9BA3EAE1FB7B8EB00772FA4 /* CupByEdge.swift */; };
		E9BA3EB21FB7B90000772FA4 /* CupByMargin.swift in Sources */ = {isa = PBXBuildFile; fileRef = E9BA3EB11FB7B90000772FA4 /* CupByMargin.swift */; };
		E9BA3EB41FB7C5E800772FA4 /* CupByEdgeTests.swift in Sources */ = {isa = PBXBuildFile; fileRef = E9BA3EB31FB7C5E800772FA4 /* CupByEdgeTests.swift */; };
		E9BA3EB61FB7CD8300772FA4 /* CupByMarginTests.swift in Sources */ = {isa = PBXBuildFile; fileRef = E9BA3EB51FB7CD8300772FA4 /* CupByMarginTests.swift */; };
		E9BA3EB81FB7E26F00772FA4 /* LayoutGuideTests.swift in Sources */ = {isa = PBXBuildFile; fileRef = E9BA3EB71FB7E26F00772FA4 /* LayoutGuideTests.swift */; };
		E9C0FE531EAAD0FD003FCF15 /* LimitByMarginTests.swift in Sources */ = {isa = PBXBuildFile; fileRef = E9C0FE511EAAD0F3003FCF15 /* LimitByMarginTests.swift */; };
		E9C0FE551EAAE4B3003FCF15 /* ExpandFromEdgeTests.swift in Sources */ = {isa = PBXBuildFile; fileRef = E9C0FE541EAAE4B3003FCF15 /* ExpandFromEdgeTests.swift */; };
		E9C0FE571EAD6D70003FCF15 /* ExpandFromMarginTests.swift in Sources */ = {isa = PBXBuildFile; fileRef = E9C0FE561EAD6D70003FCF15 /* ExpandFromMarginTests.swift */; };
		E9C0FE5B1EADB2BB003FCF15 /* ManageIntrinsicSizeRelationsTests.swift in Sources */ = {isa = PBXBuildFile; fileRef = E9C0FE5A1EADB2BB003FCF15 /* ManageIntrinsicSizeRelationsTests.swift */; };
		E9C0FE5D1EADC872003FCF15 /* ConstraintCollectionTests.swift in Sources */ = {isa = PBXBuildFile; fileRef = E9C0FE5C1EADC872003FCF15 /* ConstraintCollectionTests.swift */; };
		E9CAB2A91E21954B00CDA4E2 /* Constraid.framework in Frameworks */ = {isa = PBXBuildFile; fileRef = E9CAB29F1E21954B00CDA4E2 /* Constraid.framework */; };
		E9CAB2B01E21954B00CDA4E2 /* Constraid.h in Headers */ = {isa = PBXBuildFile; fileRef = E9CAB2A21E21954B00CDA4E2 /* Constraid.h */; settings = {ATTRIBUTES = (Public, ); }; };
		E9CAB2BC1E219A9500CDA4E2 /* PriorityConstructionTests.swift in Sources */ = {isa = PBXBuildFile; fileRef = E9CAB2BB1E219A9500CDA4E2 /* PriorityConstructionTests.swift */; };
		E9EDB5CE1E2E081300C0D060 /* FlushWithEdges.swift in Sources */ = {isa = PBXBuildFile; fileRef = E9CAB2BD1E21A2B800CDA4E2 /* FlushWithEdges.swift */; };
		E9EDB5D21E2E18AF00C0D060 /* LayoutPriority.swift in Sources */ = {isa = PBXBuildFile; fileRef = E9EDB5D01E2E18AF00C0D060 /* LayoutPriority.swift */; };
		E9EDB5D41E2E18AF00C0D060 /* View.swift in Sources */ = {isa = PBXBuildFile; fileRef = E9EDB5D11E2E18AF00C0D060 /* View.swift */; };
		E9EDB5D61E2E1A7C00C0D060 /* FlushWithMargins.swift in Sources */ = {isa = PBXBuildFile; fileRef = E9CAB2BF1E21A32600CDA4E2 /* FlushWithMargins.swift */; };
		E9EDB5D81E2E1C3300C0D060 /* CenterWithinEdges.swift in Sources */ = {isa = PBXBuildFile; fileRef = E9CAB2C11E21A37000CDA4E2 /* CenterWithinEdges.swift */; };
		E9EDB5DA1E2E1D5300C0D060 /* ManageSize.swift in Sources */ = {isa = PBXBuildFile; fileRef = E9CAB2C51E21A43900CDA4E2 /* ManageSize.swift */; };
		E9EDB5DC1E2E1DF300C0D060 /* LimitByMargin.swift in Sources */ = {isa = PBXBuildFile; fileRef = E9CAB2C91E21A4D600CDA4E2 /* LimitByMargin.swift */; };
		E9EDB5DE1E2E1DF800C0D060 /* ManageRelativePosition.swift in Sources */ = {isa = PBXBuildFile; fileRef = E9CAB2C71E21A49000CDA4E2 /* ManageRelativePosition.swift */; };
		E9EDB5E01E2E1EBF00C0D060 /* LimitByEdge.swift in Sources */ = {isa = PBXBuildFile; fileRef = E9CAB2CB1E21A50F00CDA4E2 /* LimitByEdge.swift */; };
		E9EDB5E21E2E1EE000C0D060 /* ExpandFromEdge.swift in Sources */ = {isa = PBXBuildFile; fileRef = E9CAB2D31E21D8A300CDA4E2 /* ExpandFromEdge.swift */; };
		E9EDB5E51E2E1F0100C0D060 /* ExpandFromMargin.swift in Sources */ = {isa = PBXBuildFile; fileRef = E9CAB2D41E21D8A300CDA4E2 /* ExpandFromMargin.swift */; };
		E9EDB5E71E2E1F4100C0D060 /* ExpandFromSize.swift in Sources */ = {isa = PBXBuildFile; fileRef = 51E19A9C1E2A82F900998194 /* ExpandFromSize.swift */; };
		E9EDB5E81E2E1F6200C0D060 /* ManageIntrinsicSizeRelations.swift in Sources */ = {isa = PBXBuildFile; fileRef = E9CAB2D11E21A5C500CDA4E2 /* ManageIntrinsicSizeRelations.swift */; };
		E9EDB5FB1E2E9FBA00C0D060 /* LayoutPriority.swift in Sources */ = {isa = PBXBuildFile; fileRef = E9EDB5D01E2E18AF00C0D060 /* LayoutPriority.swift */; };
		E9EDB5FC1E2E9FBE00C0D060 /* View.swift in Sources */ = {isa = PBXBuildFile; fileRef = E9EDB5D11E2E18AF00C0D060 /* View.swift */; };
		E9EDB5FE1E2E9FC900C0D060 /* FlushWithEdges.swift in Sources */ = {isa = PBXBuildFile; fileRef = E9CAB2BD1E21A2B800CDA4E2 /* FlushWithEdges.swift */; };
		E9EDB5FF1E2E9FD100C0D060 /* CenterWithinEdges.swift in Sources */ = {isa = PBXBuildFile; fileRef = E9CAB2C11E21A37000CDA4E2 /* CenterWithinEdges.swift */; };
		E9EDB6001E2E9FDE00C0D060 /* CenterWithinMargins.swift in Sources */ = {isa = PBXBuildFile; fileRef = E9CAB2C31E21A3C200CDA4E2 /* CenterWithinMargins.swift */; };
		E9EDB6021E2EA00A00C0D060 /* ManageSize.swift in Sources */ = {isa = PBXBuildFile; fileRef = E9CAB2C51E21A43900CDA4E2 /* ManageSize.swift */; };
		E9EDB6031E2EA00E00C0D060 /* ManageRelativePosition.swift in Sources */ = {isa = PBXBuildFile; fileRef = E9CAB2C71E21A49000CDA4E2 /* ManageRelativePosition.swift */; };
		E9EDB6041E2EA02100C0D060 /* LimitByEdge.swift in Sources */ = {isa = PBXBuildFile; fileRef = E9CAB2CB1E21A50F00CDA4E2 /* LimitByEdge.swift */; };
		E9EDB6051E2EA02D00C0D060 /* ExpandFromEdge.swift in Sources */ = {isa = PBXBuildFile; fileRef = E9CAB2D31E21D8A300CDA4E2 /* ExpandFromEdge.swift */; };
		E9EDB6061E2EA03B00C0D060 /* ExpandFromSize.swift in Sources */ = {isa = PBXBuildFile; fileRef = 51E19A9C1E2A82F900998194 /* ExpandFromSize.swift */; };
		E9EDB6071E2EA04200C0D060 /* ManageIntrinsicSizeRelations.swift in Sources */ = {isa = PBXBuildFile; fileRef = E9CAB2D11E21A5C500CDA4E2 /* ManageIntrinsicSizeRelations.swift */; };
		E9EFFFC41E8A5DA100F26BAB /* CenterWithinEdgesTests.swift in Sources */ = {isa = PBXBuildFile; fileRef = E9EFFFC21E8A5DA100F26BAB /* CenterWithinEdgesTests.swift */; };
		E9EFFFC51E8A5DA100F26BAB /* CenterWithinMarginsTests.swift in Sources */ = {isa = PBXBuildFile; fileRef = E9EFFFC31E8A5DA100F26BAB /* CenterWithinMarginsTests.swift */; };
/* End PBXBuildFile section */

/* Begin PBXContainerItemProxy section */
		E9CAB2AA1E21954B00CDA4E2 /* PBXContainerItemProxy */ = {
			isa = PBXContainerItemProxy;
			containerPortal = E9CAB2961E21954B00CDA4E2 /* Project object */;
			proxyType = 1;
			remoteGlobalIDString = E9CAB29E1E21954B00CDA4E2;
			remoteInfo = Constraid;
		};
/* End PBXContainerItemProxy section */

/* Begin PBXFileReference section */
		516653851E2D41BF00E28FB3 /* ExpandFromSizeTests.swift */ = {isa = PBXFileReference; fileEncoding = 4; lastKnownFileType = sourcecode.swift; path = ExpandFromSizeTests.swift; sourceTree = "<group>"; };
		516653871E2D489B00E28FB3 /* ManageSizeTests.swift */ = {isa = PBXFileReference; fileEncoding = 4; lastKnownFileType = sourcecode.swift; path = ManageSizeTests.swift; sourceTree = "<group>"; };
		51E19A9C1E2A82F900998194 /* ExpandFromSize.swift */ = {isa = PBXFileReference; fileEncoding = 4; lastKnownFileType = sourcecode.swift; path = ExpandFromSize.swift; sourceTree = "<group>"; };
		960A45CD23C4015000581A04 /* ConstraidProxy.swift */ = {isa = PBXFileReference; lastKnownFileType = sourcecode.swift; path = ConstraidProxy.swift; sourceTree = "<group>"; };
		960A45CF23C4103400581A04 /* ConstraidProxy+ManageSize.swift */ = {isa = PBXFileReference; lastKnownFileType = sourcecode.swift; path = "ConstraidProxy+ManageSize.swift"; sourceTree = "<group>"; };
		960A45D123C4156700581A04 /* ConstraidProxy+ManageRelativePosition.swift */ = {isa = PBXFileReference; lastKnownFileType = sourcecode.swift; path = "ConstraidProxy+ManageRelativePosition.swift"; sourceTree = "<group>"; };
		968AE36223C500C90091E352 /* ConstraidProxy+FlushWithEdges.swift */ = {isa = PBXFileReference; lastKnownFileType = sourcecode.swift; path = "ConstraidProxy+FlushWithEdges.swift"; sourceTree = "<group>"; };
		968AE36423C51A560091E352 /* ConstraidProxy+FlushWithMargins.swift */ = {isa = PBXFileReference; lastKnownFileType = sourcecode.swift; path = "ConstraidProxy+FlushWithMargins.swift"; sourceTree = "<group>"; };
		968AE36623C51DD50091E352 /* ConstraidProxy+CenterWithinEdges.swift */ = {isa = PBXFileReference; lastKnownFileType = sourcecode.swift; path = "ConstraidProxy+CenterWithinEdges.swift"; sourceTree = "<group>"; };
		968AE36823C521750091E352 /* ConstraidProxy+CenterWithinMargins.swift */ = {isa = PBXFileReference; lastKnownFileType = sourcecode.swift; path = "ConstraidProxy+CenterWithinMargins.swift"; sourceTree = "<group>"; };
		968AE36A23C5246E0091E352 /* ConstraidProxy+LimitByEdge.swift */ = {isa = PBXFileReference; lastKnownFileType = sourcecode.swift; path = "ConstraidProxy+LimitByEdge.swift"; sourceTree = "<group>"; };
		968AE36C23C54AF20091E352 /* ConstraidProxy+LimitByMargin.swift */ = {isa = PBXFileReference; lastKnownFileType = sourcecode.swift; path = "ConstraidProxy+LimitByMargin.swift"; sourceTree = "<group>"; };
		968AE36E23C54FC80091E352 /* ConstraidProxy+ExpandFromEdge.swift */ = {isa = PBXFileReference; lastKnownFileType = sourcecode.swift; path = "ConstraidProxy+ExpandFromEdge.swift"; sourceTree = "<group>"; };
		968AE37023C5549E0091E352 /* ConstraidProxy+ExpandFromMargin.swift */ = {isa = PBXFileReference; lastKnownFileType = sourcecode.swift; path = "ConstraidProxy+ExpandFromMargin.swift"; sourceTree = "<group>"; };
		968AE37223C5596B0091E352 /* ConstraidProxy+ExpandFromSize.swift */ = {isa = PBXFileReference; lastKnownFileType = sourcecode.swift; path = "ConstraidProxy+ExpandFromSize.swift"; sourceTree = "<group>"; };
		968AE37423C55C610091E352 /* ConstraidProxy+ManageInstrisicSizeRelations.swift */ = {isa = PBXFileReference; lastKnownFileType = sourcecode.swift; path = "ConstraidProxy+ManageInstrisicSizeRelations.swift"; sourceTree = "<group>"; };
		968AE37623C55E100091E352 /* ConstraidProxy+CupByEdge.swift */ = {isa = PBXFileReference; lastKnownFileType = sourcecode.swift; path = "ConstraidProxy+CupByEdge.swift"; sourceTree = "<group>"; };
		968AE37823C55FB80091E352 /* ConstraidProxy+CupByMargin.swift */ = {isa = PBXFileReference; lastKnownFileType = sourcecode.swift; path = "ConstraidProxy+CupByMargin.swift"; sourceTree = "<group>"; };
		E9112A601E31A94A00F5CEC5 /* ManageRelativePositionTests.swift */ = {isa = PBXFileReference; fileEncoding = 4; lastKnownFileType = sourcecode.swift; path = ManageRelativePositionTests.swift; sourceTree = "<group>"; };
		E9112A621E31AC6100F5CEC5 /* FlushWithEdgesTests.swift */ = {isa = PBXFileReference; fileEncoding = 4; lastKnownFileType = sourcecode.swift; path = FlushWithEdgesTests.swift; sourceTree = "<group>"; };
		E91BE1FB1E54062800861A52 /* Constraint.swift */ = {isa = PBXFileReference; fileEncoding = 4; lastKnownFileType = sourcecode.swift; path = Constraint.swift; sourceTree = "<group>"; };
		E91BE1FE1E543FFE00861A52 /* FlushWithMarginsTests.swift */ = {isa = PBXFileReference; fileEncoding = 4; lastKnownFileType = sourcecode.swift; path = FlushWithMarginsTests.swift; sourceTree = "<group>"; };
		E922FEAE23C72B2F00D2A824 /* ConstraidProxyTests.swift */ = {isa = PBXFileReference; lastKnownFileType = sourcecode.swift; path = ConstraidProxyTests.swift; sourceTree = "<group>"; };
		E984AB031E8CE904009C64A0 /* LimitByEdgeTests.swift */ = {isa = PBXFileReference; fileEncoding = 4; lastKnownFileType = sourcecode.swift; path = LimitByEdgeTests.swift; sourceTree = "<group>"; };
		E99C6E311E530E1A00C72E5E /* ConstraintCollection.swift */ = {isa = PBXFileReference; fileEncoding = 4; lastKnownFileType = sourcecode.swift; path = ConstraintCollection.swift; sourceTree = "<group>"; };
		E9BA3EAE1FB7B8EB00772FA4 /* CupByEdge.swift */ = {isa = PBXFileReference; lastKnownFileType = sourcecode.swift; path = CupByEdge.swift; sourceTree = "<group>"; };
		E9BA3EB11FB7B90000772FA4 /* CupByMargin.swift */ = {isa = PBXFileReference; lastKnownFileType = sourcecode.swift; path = CupByMargin.swift; sourceTree = "<group>"; };
		E9BA3EB31FB7C5E800772FA4 /* CupByEdgeTests.swift */ = {isa = PBXFileReference; lastKnownFileType = sourcecode.swift; path = CupByEdgeTests.swift; sourceTree = "<group>"; };
		E9BA3EB51FB7CD8300772FA4 /* CupByMarginTests.swift */ = {isa = PBXFileReference; lastKnownFileType = sourcecode.swift; path = CupByMarginTests.swift; sourceTree = "<group>"; };
		E9BA3EB71FB7E26F00772FA4 /* LayoutGuideTests.swift */ = {isa = PBXFileReference; lastKnownFileType = sourcecode.swift; path = LayoutGuideTests.swift; sourceTree = "<group>"; };
		E9C0FE511EAAD0F3003FCF15 /* LimitByMarginTests.swift */ = {isa = PBXFileReference; fileEncoding = 4; lastKnownFileType = sourcecode.swift; path = LimitByMarginTests.swift; sourceTree = "<group>"; };
		E9C0FE541EAAE4B3003FCF15 /* ExpandFromEdgeTests.swift */ = {isa = PBXFileReference; fileEncoding = 4; lastKnownFileType = sourcecode.swift; path = ExpandFromEdgeTests.swift; sourceTree = "<group>"; };
		E9C0FE561EAD6D70003FCF15 /* ExpandFromMarginTests.swift */ = {isa = PBXFileReference; fileEncoding = 4; lastKnownFileType = sourcecode.swift; path = ExpandFromMarginTests.swift; sourceTree = "<group>"; };
		E9C0FE5A1EADB2BB003FCF15 /* ManageIntrinsicSizeRelationsTests.swift */ = {isa = PBXFileReference; fileEncoding = 4; lastKnownFileType = sourcecode.swift; path = ManageIntrinsicSizeRelationsTests.swift; sourceTree = "<group>"; };
		E9C0FE5C1EADC872003FCF15 /* ConstraintCollectionTests.swift */ = {isa = PBXFileReference; fileEncoding = 4; lastKnownFileType = sourcecode.swift; path = ConstraintCollectionTests.swift; sourceTree = "<group>"; };
		E9CAB29F1E21954B00CDA4E2 /* Constraid.framework */ = {isa = PBXFileReference; explicitFileType = wrapper.framework; includeInIndex = 0; path = Constraid.framework; sourceTree = BUILT_PRODUCTS_DIR; };
		E9CAB2A21E21954B00CDA4E2 /* Constraid.h */ = {isa = PBXFileReference; lastKnownFileType = sourcecode.c.h; path = Constraid.h; sourceTree = "<group>"; };
		E9CAB2A31E21954B00CDA4E2 /* Info.plist */ = {isa = PBXFileReference; lastKnownFileType = text.plist.xml; path = Info.plist; sourceTree = "<group>"; };
		E9CAB2A81E21954B00CDA4E2 /* Constraid-iOSTests.xctest */ = {isa = PBXFileReference; explicitFileType = wrapper.cfbundle; includeInIndex = 0; path = "Constraid-iOSTests.xctest"; sourceTree = BUILT_PRODUCTS_DIR; };
		E9CAB2AF1E21954B00CDA4E2 /* Info.plist */ = {isa = PBXFileReference; lastKnownFileType = text.plist.xml; path = Info.plist; sourceTree = "<group>"; };
		E9CAB2BB1E219A9500CDA4E2 /* PriorityConstructionTests.swift */ = {isa = PBXFileReference; fileEncoding = 4; lastKnownFileType = sourcecode.swift; path = PriorityConstructionTests.swift; sourceTree = "<group>"; };
		E9CAB2BD1E21A2B800CDA4E2 /* FlushWithEdges.swift */ = {isa = PBXFileReference; fileEncoding = 4; lastKnownFileType = sourcecode.swift; path = FlushWithEdges.swift; sourceTree = "<group>"; };
		E9CAB2BF1E21A32600CDA4E2 /* FlushWithMargins.swift */ = {isa = PBXFileReference; fileEncoding = 4; lastKnownFileType = sourcecode.swift; path = FlushWithMargins.swift; sourceTree = "<group>"; };
		E9CAB2C11E21A37000CDA4E2 /* CenterWithinEdges.swift */ = {isa = PBXFileReference; fileEncoding = 4; lastKnownFileType = sourcecode.swift; path = CenterWithinEdges.swift; sourceTree = "<group>"; };
		E9CAB2C31E21A3C200CDA4E2 /* CenterWithinMargins.swift */ = {isa = PBXFileReference; fileEncoding = 4; lastKnownFileType = sourcecode.swift; path = CenterWithinMargins.swift; sourceTree = "<group>"; };
		E9CAB2C51E21A43900CDA4E2 /* ManageSize.swift */ = {isa = PBXFileReference; fileEncoding = 4; lastKnownFileType = sourcecode.swift; path = ManageSize.swift; sourceTree = "<group>"; };
		E9CAB2C71E21A49000CDA4E2 /* ManageRelativePosition.swift */ = {isa = PBXFileReference; fileEncoding = 4; lastKnownFileType = sourcecode.swift; path = ManageRelativePosition.swift; sourceTree = "<group>"; };
		E9CAB2C91E21A4D600CDA4E2 /* LimitByMargin.swift */ = {isa = PBXFileReference; fileEncoding = 4; lastKnownFileType = sourcecode.swift; path = LimitByMargin.swift; sourceTree = "<group>"; };
		E9CAB2CB1E21A50F00CDA4E2 /* LimitByEdge.swift */ = {isa = PBXFileReference; fileEncoding = 4; lastKnownFileType = sourcecode.swift; path = LimitByEdge.swift; sourceTree = "<group>"; };
		E9CAB2D11E21A5C500CDA4E2 /* ManageIntrinsicSizeRelations.swift */ = {isa = PBXFileReference; fileEncoding = 4; lastKnownFileType = sourcecode.swift; path = ManageIntrinsicSizeRelations.swift; sourceTree = "<group>"; };
		E9CAB2D31E21D8A300CDA4E2 /* ExpandFromEdge.swift */ = {isa = PBXFileReference; fileEncoding = 4; lastKnownFileType = sourcecode.swift; path = ExpandFromEdge.swift; sourceTree = "<group>"; };
		E9CAB2D41E21D8A300CDA4E2 /* ExpandFromMargin.swift */ = {isa = PBXFileReference; fileEncoding = 4; lastKnownFileType = sourcecode.swift; path = ExpandFromMargin.swift; sourceTree = "<group>"; };
		E9EDB5D01E2E18AF00C0D060 /* LayoutPriority.swift */ = {isa = PBXFileReference; fileEncoding = 4; lastKnownFileType = sourcecode.swift; path = LayoutPriority.swift; sourceTree = "<group>"; };
		E9EDB5D11E2E18AF00C0D060 /* View.swift */ = {isa = PBXFileReference; fileEncoding = 4; lastKnownFileType = sourcecode.swift; path = View.swift; sourceTree = "<group>"; };
		E9EDB5F31E2E9F6500C0D060 /* Constraid.framework */ = {isa = PBXFileReference; explicitFileType = wrapper.framework; includeInIndex = 0; path = Constraid.framework; sourceTree = BUILT_PRODUCTS_DIR; };
		E9EFFFC21E8A5DA100F26BAB /* CenterWithinEdgesTests.swift */ = {isa = PBXFileReference; fileEncoding = 4; lastKnownFileType = sourcecode.swift; path = CenterWithinEdgesTests.swift; sourceTree = "<group>"; };
		E9EFFFC31E8A5DA100F26BAB /* CenterWithinMarginsTests.swift */ = {isa = PBXFileReference; fileEncoding = 4; lastKnownFileType = sourcecode.swift; path = CenterWithinMarginsTests.swift; sourceTree = "<group>"; };
/* End PBXFileReference section */

/* Begin PBXFrameworksBuildPhase section */
		E9CAB29B1E21954B00CDA4E2 /* Frameworks */ = {
			isa = PBXFrameworksBuildPhase;
			buildActionMask = 2147483647;
			files = (
			);
			runOnlyForDeploymentPostprocessing = 0;
		};
		E9CAB2A51E21954B00CDA4E2 /* Frameworks */ = {
			isa = PBXFrameworksBuildPhase;
			buildActionMask = 2147483647;
			files = (
				E9CAB2A91E21954B00CDA4E2 /* Constraid.framework in Frameworks */,
			);
			runOnlyForDeploymentPostprocessing = 0;
		};
		E9EDB5EF1E2E9F6500C0D060 /* Frameworks */ = {
			isa = PBXFrameworksBuildPhase;
			buildActionMask = 2147483647;
			files = (
			);
			runOnlyForDeploymentPostprocessing = 0;
		};
/* End PBXFrameworksBuildPhase section */

/* Begin PBXGroup section */
		92E5112F233591BB003FECC4 /* Sources */ = {
			isa = PBXGroup;
			children = (
				E9CAB2A11E21954B00CDA4E2 /* Constraid */,
			);
			path = Sources;
			sourceTree = "<group>";
		};
		92E51130233591E9003FECC4 /* Tests */ = {
			isa = PBXGroup;
			children = (
				E9CAB2AC1E21954B00CDA4E2 /* ConstraidTests */,
			);
			path = Tests;
			sourceTree = "<group>";
		};
		960A45CC23C4012D00581A04 /* ProxyExtensions */ = {
			isa = PBXGroup;
			children = (
				960A45CD23C4015000581A04 /* ConstraidProxy.swift */,
				960A45CF23C4103400581A04 /* ConstraidProxy+ManageSize.swift */,
				960A45D123C4156700581A04 /* ConstraidProxy+ManageRelativePosition.swift */,
				968AE36223C500C90091E352 /* ConstraidProxy+FlushWithEdges.swift */,
				968AE36423C51A560091E352 /* ConstraidProxy+FlushWithMargins.swift */,
				968AE36623C51DD50091E352 /* ConstraidProxy+CenterWithinEdges.swift */,
				968AE36823C521750091E352 /* ConstraidProxy+CenterWithinMargins.swift */,
				968AE36A23C5246E0091E352 /* ConstraidProxy+LimitByEdge.swift */,
				968AE36C23C54AF20091E352 /* ConstraidProxy+LimitByMargin.swift */,
				968AE36E23C54FC80091E352 /* ConstraidProxy+ExpandFromEdge.swift */,
				968AE37023C5549E0091E352 /* ConstraidProxy+ExpandFromMargin.swift */,
				968AE37223C5596B0091E352 /* ConstraidProxy+ExpandFromSize.swift */,
				968AE37423C55C610091E352 /* ConstraidProxy+ManageInstrisicSizeRelations.swift */,
				968AE37623C55E100091E352 /* ConstraidProxy+CupByEdge.swift */,
				968AE37823C55FB80091E352 /* ConstraidProxy+CupByMargin.swift */,
			);
			path = ProxyExtensions;
			sourceTree = "<group>";
		};
		E9CAB2951E21954B00CDA4E2 = {
			isa = PBXGroup;
			children = (
				92E5112F233591BB003FECC4 /* Sources */,
				92E51130233591E9003FECC4 /* Tests */,
				E9CAB2A01E21954B00CDA4E2 /* Products */,
			);
			sourceTree = "<group>";
		};
		E9CAB2A01E21954B00CDA4E2 /* Products */ = {
			isa = PBXGroup;
			children = (
				E9CAB29F1E21954B00CDA4E2 /* Constraid.framework */,
				E9CAB2A81E21954B00CDA4E2 /* Constraid-iOSTests.xctest */,
				E9EDB5F31E2E9F6500C0D060 /* Constraid.framework */,
			);
			name = Products;
			sourceTree = "<group>";
		};
		E9CAB2A11E21954B00CDA4E2 /* Constraid */ = {
			isa = PBXGroup;
			children = (
				960A45CC23C4012D00581A04 /* ProxyExtensions */,
				E9CAB2A21E21954B00CDA4E2 /* Constraid.h */,
				E9CAB2A31E21954B00CDA4E2 /* Info.plist */,
				E9EDB5D01E2E18AF00C0D060 /* LayoutPriority.swift */,
				E9EDB5D11E2E18AF00C0D060 /* View.swift */,
				E99C6E311E530E1A00C72E5E /* ConstraintCollection.swift */,
				E91BE1FB1E54062800861A52 /* Constraint.swift */,
				E9CAB2C51E21A43900CDA4E2 /* ManageSize.swift */,
				E9CAB2C71E21A49000CDA4E2 /* ManageRelativePosition.swift */,
				E9CAB2BD1E21A2B800CDA4E2 /* FlushWithEdges.swift */,
				E9CAB2BF1E21A32600CDA4E2 /* FlushWithMargins.swift */,
				E9CAB2C11E21A37000CDA4E2 /* CenterWithinEdges.swift */,
				E9CAB2C31E21A3C200CDA4E2 /* CenterWithinMargins.swift */,
				E9CAB2CB1E21A50F00CDA4E2 /* LimitByEdge.swift */,
				E9CAB2C91E21A4D600CDA4E2 /* LimitByMargin.swift */,
				E9CAB2D31E21D8A300CDA4E2 /* ExpandFromEdge.swift */,
				E9CAB2D41E21D8A300CDA4E2 /* ExpandFromMargin.swift */,
				51E19A9C1E2A82F900998194 /* ExpandFromSize.swift */,
				E9CAB2D11E21A5C500CDA4E2 /* ManageIntrinsicSizeRelations.swift */,
				E9BA3EAE1FB7B8EB00772FA4 /* CupByEdge.swift */,
				E9BA3EB11FB7B90000772FA4 /* CupByMargin.swift */,
			);
			path = Constraid;
			sourceTree = "<group>";
		};
		E9CAB2AC1E21954B00CDA4E2 /* ConstraidTests */ = {
			isa = PBXGroup;
			children = (
				E9CAB2AF1E21954B00CDA4E2 /* Info.plist */,
				E9C0FE5C1EADC872003FCF15 /* ConstraintCollectionTests.swift */,
				E9CAB2BB1E219A9500CDA4E2 /* PriorityConstructionTests.swift */,
				516653871E2D489B00E28FB3 /* ManageSizeTests.swift */,
				E9112A601E31A94A00F5CEC5 /* ManageRelativePositionTests.swift */,
				E9112A621E31AC6100F5CEC5 /* FlushWithEdgesTests.swift */,
				E91BE1FE1E543FFE00861A52 /* FlushWithMarginsTests.swift */,
				E9EFFFC21E8A5DA100F26BAB /* CenterWithinEdgesTests.swift */,
				E9EFFFC31E8A5DA100F26BAB /* CenterWithinMarginsTests.swift */,
				E984AB031E8CE904009C64A0 /* LimitByEdgeTests.swift */,
				E9C0FE511EAAD0F3003FCF15 /* LimitByMarginTests.swift */,
				E9C0FE541EAAE4B3003FCF15 /* ExpandFromEdgeTests.swift */,
				E9C0FE561EAD6D70003FCF15 /* ExpandFromMarginTests.swift */,
				516653851E2D41BF00E28FB3 /* ExpandFromSizeTests.swift */,
				E9C0FE5A1EADB2BB003FCF15 /* ManageIntrinsicSizeRelationsTests.swift */,
				E9BA3EB31FB7C5E800772FA4 /* CupByEdgeTests.swift */,
				E9BA3EB51FB7CD8300772FA4 /* CupByMarginTests.swift */,
				E9BA3EB71FB7E26F00772FA4 /* LayoutGuideTests.swift */,
				E922FEAE23C72B2F00D2A824 /* ConstraidProxyTests.swift */,
			);
			path = ConstraidTests;
			sourceTree = "<group>";
		};
/* End PBXGroup section */

/* Begin PBXHeadersBuildPhase section */
		E9CAB29C1E21954B00CDA4E2 /* Headers */ = {
			isa = PBXHeadersBuildPhase;
			buildActionMask = 2147483647;
			files = (
				E9CAB2B01E21954B00CDA4E2 /* Constraid.h in Headers */,
			);
			runOnlyForDeploymentPostprocessing = 0;
		};
		E9EDB5F01E2E9F6500C0D060 /* Headers */ = {
			isa = PBXHeadersBuildPhase;
			buildActionMask = 2147483647;
			files = (
				E94F31991FC569D1006A37B8 /* Constraid.h in Headers */,
			);
			runOnlyForDeploymentPostprocessing = 0;
		};
/* End PBXHeadersBuildPhase section */

/* Begin PBXNativeTarget section */
		E9CAB29E1E21954B00CDA4E2 /* Constraid-iOS */ = {
			isa = PBXNativeTarget;
			buildConfigurationList = E9CAB2B31E21954B00CDA4E2 /* Build configuration list for PBXNativeTarget "Constraid-iOS" */;
			buildPhases = (
				E9CAB29A1E21954B00CDA4E2 /* Sources */,
				E9CAB29B1E21954B00CDA4E2 /* Frameworks */,
				E9CAB29C1E21954B00CDA4E2 /* Headers */,
				E9CAB29D1E21954B00CDA4E2 /* Resources */,
			);
			buildRules = (
			);
			dependencies = (
			);
			name = "Constraid-iOS";
			productName = Constraid;
			productReference = E9CAB29F1E21954B00CDA4E2 /* Constraid.framework */;
			productType = "com.apple.product-type.framework";
		};
		E9CAB2A71E21954B00CDA4E2 /* Constraid-iOSTests */ = {
			isa = PBXNativeTarget;
			buildConfigurationList = E9CAB2B61E21954B00CDA4E2 /* Build configuration list for PBXNativeTarget "Constraid-iOSTests" */;
			buildPhases = (
				E9CAB2A41E21954B00CDA4E2 /* Sources */,
				E9CAB2A51E21954B00CDA4E2 /* Frameworks */,
				E9CAB2A61E21954B00CDA4E2 /* Resources */,
			);
			buildRules = (
			);
			dependencies = (
				E9CAB2AB1E21954B00CDA4E2 /* PBXTargetDependency */,
			);
			name = "Constraid-iOSTests";
			productName = ConstraidTests;
			productReference = E9CAB2A81E21954B00CDA4E2 /* Constraid-iOSTests.xctest */;
			productType = "com.apple.product-type.bundle.unit-test";
		};
		E9EDB5F21E2E9F6500C0D060 /* Constraid-MacOS */ = {
			isa = PBXNativeTarget;
			buildConfigurationList = E9EDB5F81E2E9F6600C0D060 /* Build configuration list for PBXNativeTarget "Constraid-MacOS" */;
			buildPhases = (
				E9EDB5EE1E2E9F6500C0D060 /* Sources */,
				E9EDB5EF1E2E9F6500C0D060 /* Frameworks */,
				E9EDB5F01E2E9F6500C0D060 /* Headers */,
				E9EDB5F11E2E9F6500C0D060 /* Resources */,
			);
			buildRules = (
			);
			dependencies = (
			);
			name = "Constraid-MacOS";
			productName = "Constraid-MacOS";
			productReference = E9EDB5F31E2E9F6500C0D060 /* Constraid.framework */;
			productType = "com.apple.product-type.framework";
		};
/* End PBXNativeTarget section */

/* Begin PBXProject section */
		E9CAB2961E21954B00CDA4E2 /* Project object */ = {
			isa = PBXProject;
			attributes = {
				LastSwiftUpdateCheck = 0820;
				LastUpgradeCheck = 1100;
				ORGANIZATIONNAME = "UpTech Works, LLC";
				TargetAttributes = {
					E9CAB29E1E21954B00CDA4E2 = {
						CreatedOnToolsVersion = 8.2.1;
						DevelopmentTeam = 6449Q3J4XH;
						LastSwiftMigration = 0910;
						ProvisioningStyle = Automatic;
					};
					E9CAB2A71E21954B00CDA4E2 = {
						CreatedOnToolsVersion = 8.2.1;
						DevelopmentTeam = 6449Q3J4XH;
						LastSwiftMigration = 0910;
						ProvisioningStyle = Automatic;
					};
					E9EDB5F21E2E9F6500C0D060 = {
						CreatedOnToolsVersion = 8.2.1;
						DevelopmentTeam = 6449Q3J4XH;
						ProvisioningStyle = Automatic;
					};
				};
			};
			buildConfigurationList = E9CAB2991E21954B00CDA4E2 /* Build configuration list for PBXProject "Constraid" */;
			compatibilityVersion = "Xcode 3.2";
			developmentRegion = English;
			hasScannedForEncodings = 0;
			knownRegions = (
				English,
				en,
			);
			mainGroup = E9CAB2951E21954B00CDA4E2;
			productRefGroup = E9CAB2A01E21954B00CDA4E2 /* Products */;
			projectDirPath = "";
			projectRoot = "";
			targets = (
				E9CAB29E1E21954B00CDA4E2 /* Constraid-iOS */,
				E9CAB2A71E21954B00CDA4E2 /* Constraid-iOSTests */,
				E9EDB5F21E2E9F6500C0D060 /* Constraid-MacOS */,
			);
		};
/* End PBXProject section */

/* Begin PBXResourcesBuildPhase section */
		E9CAB29D1E21954B00CDA4E2 /* Resources */ = {
			isa = PBXResourcesBuildPhase;
			buildActionMask = 2147483647;
			files = (
			);
			runOnlyForDeploymentPostprocessing = 0;
		};
		E9CAB2A61E21954B00CDA4E2 /* Resources */ = {
			isa = PBXResourcesBuildPhase;
			buildActionMask = 2147483647;
			files = (
			);
			runOnlyForDeploymentPostprocessing = 0;
		};
		E9EDB5F11E2E9F6500C0D060 /* Resources */ = {
			isa = PBXResourcesBuildPhase;
			buildActionMask = 2147483647;
			files = (
			);
			runOnlyForDeploymentPostprocessing = 0;
		};
/* End PBXResourcesBuildPhase section */

/* Begin PBXSourcesBuildPhase section */
		E9CAB29A1E21954B00CDA4E2 /* Sources */ = {
			isa = PBXSourcesBuildPhase;
			buildActionMask = 2147483647;
			files = (
				968AE36323C500C90091E352 /* ConstraidProxy+FlushWithEdges.swift in Sources */,
				960A45D223C4156700581A04 /* ConstraidProxy+ManageRelativePosition.swift in Sources */,
				E9EDB5D41E2E18AF00C0D060 /* View.swift in Sources */,
				E9EDB5E21E2E1EE000C0D060 /* ExpandFromEdge.swift in Sources */,
				960A45D023C4103400581A04 /* ConstraidProxy+ManageSize.swift in Sources */,
				968AE37723C55E100091E352 /* ConstraidProxy+CupByEdge.swift in Sources */,
				E91BE1FC1E54062800861A52 /* Constraint.swift in Sources */,
				E9BA3EB21FB7B90000772FA4 /* CupByMargin.swift in Sources */,
				E9EDB5D61E2E1A7C00C0D060 /* FlushWithMargins.swift in Sources */,
				E9EDB5E51E2E1F0100C0D060 /* ExpandFromMargin.swift in Sources */,
				968AE36723C51DD50091E352 /* ConstraidProxy+CenterWithinEdges.swift in Sources */,
				960A45CE23C4015000581A04 /* ConstraidProxy.swift in Sources */,
				968AE37923C55FB80091E352 /* ConstraidProxy+CupByMargin.swift in Sources */,
				E9EDB5E71E2E1F4100C0D060 /* ExpandFromSize.swift in Sources */,
				E9EDB5D81E2E1C3300C0D060 /* CenterWithinEdges.swift in Sources */,
				E9EDB5DE1E2E1DF800C0D060 /* ManageRelativePosition.swift in Sources */,
				968AE36D23C54AF20091E352 /* ConstraidProxy+LimitByMargin.swift in Sources */,
				968AE36F23C54FC80091E352 /* ConstraidProxy+ExpandFromEdge.swift in Sources */,
				968AE36923C521750091E352 /* ConstraidProxy+CenterWithinMargins.swift in Sources */,
				968AE37523C55C610091E352 /* ConstraidProxy+ManageInstrisicSizeRelations.swift in Sources */,
				E99C6E321E530E1A00C72E5E /* ConstraintCollection.swift in Sources */,
				968AE36B23C5246E0091E352 /* ConstraidProxy+LimitByEdge.swift in Sources */,
				E9EDB5CE1E2E081300C0D060 /* FlushWithEdges.swift in Sources */,
				E9EDB5DA1E2E1D5300C0D060 /* ManageSize.swift in Sources */,
				E9EDB6001E2E9FDE00C0D060 /* CenterWithinMargins.swift in Sources */,
				E9EDB5E81E2E1F6200C0D060 /* ManageIntrinsicSizeRelations.swift in Sources */,
				E9BA3EAF1FB7B8EB00772FA4 /* CupByEdge.swift in Sources */,
				968AE36523C51A560091E352 /* ConstraidProxy+FlushWithMargins.swift in Sources */,
				968AE37123C5549E0091E352 /* ConstraidProxy+ExpandFromMargin.swift in Sources */,
				E9EDB5D21E2E18AF00C0D060 /* LayoutPriority.swift in Sources */,
				E9EDB5DC1E2E1DF300C0D060 /* LimitByMargin.swift in Sources */,
				E9EDB5E01E2E1EBF00C0D060 /* LimitByEdge.swift in Sources */,
				968AE37323C5596B0091E352 /* ConstraidProxy+ExpandFromSize.swift in Sources */,
			);
			runOnlyForDeploymentPostprocessing = 0;
		};
		E9CAB2A41E21954B00CDA4E2 /* Sources */ = {
			isa = PBXSourcesBuildPhase;
			buildActionMask = 2147483647;
			files = (
				E9CAB2BC1E219A9500CDA4E2 /* PriorityConstructionTests.swift in Sources */,
				E9EFFFC51E8A5DA100F26BAB /* CenterWithinMarginsTests.swift in Sources */,
				E9BA3EB41FB7C5E800772FA4 /* CupByEdgeTests.swift in Sources */,
				E984AB041E8CE904009C64A0 /* LimitByEdgeTests.swift in Sources */,
				E9C0FE551EAAE4B3003FCF15 /* ExpandFromEdgeTests.swift in Sources */,
				E9BA3EB61FB7CD8300772FA4 /* CupByMarginTests.swift in Sources */,
				E922FEB023C72C1700D2A824 /* ConstraidProxyTests.swift in Sources */,
				E91BE2001E54401700861A52 /* FlushWithMarginsTests.swift in Sources */,
				516653861E2D41BF00E28FB3 /* ExpandFromSizeTests.swift in Sources */,
				E9C0FE5D1EADC872003FCF15 /* ConstraintCollectionTests.swift in Sources */,
				E9C0FE5B1EADB2BB003FCF15 /* ManageIntrinsicSizeRelationsTests.swift in Sources */,
				E9112A631E31AC6100F5CEC5 /* FlushWithEdgesTests.swift in Sources */,
				E9BA3EB81FB7E26F00772FA4 /* LayoutGuideTests.swift in Sources */,
				E9112A611E31A94A00F5CEC5 /* ManageRelativePositionTests.swift in Sources */,
				E9C0FE531EAAD0FD003FCF15 /* LimitByMarginTests.swift in Sources */,
				E9EFFFC41E8A5DA100F26BAB /* CenterWithinEdgesTests.swift in Sources */,
				E9C0FE571EAD6D70003FCF15 /* ExpandFromMarginTests.swift in Sources */,
				516653881E2D489B00E28FB3 /* ManageSizeTests.swift in Sources */,
			);
			runOnlyForDeploymentPostprocessing = 0;
		};
		E9EDB5EE1E2E9F6500C0D060 /* Sources */ = {
			isa = PBXSourcesBuildPhase;
			buildActionMask = 2147483647;
			files = (
				E922FEB123C7310900D2A824 /* ConstraidProxy.swift in Sources */,
				E9EDB5FC1E2E9FBE00C0D060 /* View.swift in Sources */,
				E922FEBA23C7318700D2A824 /* ConstraidProxy+CupByEdge.swift in Sources */,
				E922FEB823C7317B00D2A824 /* ConstraidProxy+ExpandFromSize.swift in Sources */,
				E922FEB923C7318300D2A824 /* ConstraidProxy+ManageInstrisicSizeRelations.swift in Sources */,
				E9EDB6071E2EA04200C0D060 /* ManageIntrinsicSizeRelations.swift in Sources */,
				E922FEB523C7315600D2A824 /* ConstraidProxy+CenterWithinEdges.swift in Sources */,
				E9EDB6031E2EA00E00C0D060 /* ManageRelativePosition.swift in Sources */,
				E922FEB323C7312900D2A824 /* ConstraidProxy+ManageRelativePosition.swift in Sources */,
				E9EDB5FE1E2E9FC900C0D060 /* FlushWithEdges.swift in Sources */,
				E922FEB723C7316A00D2A824 /* ConstraidProxy+ExpandFromEdge.swift in Sources */,
				E922FEB623C7316200D2A824 /* ConstraidProxy+LimitByEdge.swift in Sources */,
				E922FEB423C7313B00D2A824 /* ConstraidProxy+FlushWithEdges.swift in Sources */,
				E9EDB6061E2EA03B00C0D060 /* ExpandFromSize.swift in Sources */,
				E9EDB5FF1E2E9FD100C0D060 /* CenterWithinEdges.swift in Sources */,
				E922FEB223C7311800D2A824 /* ConstraidProxy+ManageSize.swift in Sources */,
				E9EDB6021E2EA00A00C0D060 /* ManageSize.swift in Sources */,
				E9BA3EB01FB7B8EB00772FA4 /* CupByEdge.swift in Sources */,
				E99C6E331E530E2000C72E5E /* ConstraintCollection.swift in Sources */,
				E9EDB6041E2EA02100C0D060 /* LimitByEdge.swift in Sources */,
				E9EDB5FB1E2E9FBA00C0D060 /* LayoutPriority.swift in Sources */,
				E9EDB6051E2EA02D00C0D060 /* ExpandFromEdge.swift in Sources */,
				E91BE1FD1E54062800861A52 /* Constraint.swift in Sources */,
			);
			runOnlyForDeploymentPostprocessing = 0;
		};
/* End PBXSourcesBuildPhase section */

/* Begin PBXTargetDependency section */
		E9CAB2AB1E21954B00CDA4E2 /* PBXTargetDependency */ = {
			isa = PBXTargetDependency;
			target = E9CAB29E1E21954B00CDA4E2 /* Constraid-iOS */;
			targetProxy = E9CAB2AA1E21954B00CDA4E2 /* PBXContainerItemProxy */;
		};
/* End PBXTargetDependency section */

/* Begin XCBuildConfiguration section */
		E9CAB2B11E21954B00CDA4E2 /* Debug */ = {
			isa = XCBuildConfiguration;
			buildSettings = {
				ALWAYS_SEARCH_USER_PATHS = NO;
				CLANG_ANALYZER_LOCALIZABILITY_NONLOCALIZED = YES;
				CLANG_ANALYZER_NONNULL = YES;
				CLANG_CXX_LANGUAGE_STANDARD = "gnu++0x";
				CLANG_CXX_LIBRARY = "libc++";
				CLANG_ENABLE_MODULES = YES;
				CLANG_ENABLE_OBJC_ARC = YES;
				CLANG_WARN_BLOCK_CAPTURE_AUTORELEASING = YES;
				CLANG_WARN_BOOL_CONVERSION = YES;
				CLANG_WARN_COMMA = YES;
				CLANG_WARN_CONSTANT_CONVERSION = YES;
				CLANG_WARN_DEPRECATED_OBJC_IMPLEMENTATIONS = YES;
				CLANG_WARN_DIRECT_OBJC_ISA_USAGE = YES_ERROR;
				CLANG_WARN_DOCUMENTATION_COMMENTS = YES;
				CLANG_WARN_EMPTY_BODY = YES;
				CLANG_WARN_ENUM_CONVERSION = YES;
				CLANG_WARN_INFINITE_RECURSION = YES;
				CLANG_WARN_INT_CONVERSION = YES;
				CLANG_WARN_NON_LITERAL_NULL_CONVERSION = YES;
				CLANG_WARN_OBJC_IMPLICIT_RETAIN_SELF = YES;
				CLANG_WARN_OBJC_LITERAL_CONVERSION = YES;
				CLANG_WARN_OBJC_ROOT_CLASS = YES_ERROR;
				CLANG_WARN_RANGE_LOOP_ANALYSIS = YES;
				CLANG_WARN_STRICT_PROTOTYPES = YES;
				CLANG_WARN_SUSPICIOUS_MOVE = YES;
				CLANG_WARN_UNREACHABLE_CODE = YES;
				CLANG_WARN__DUPLICATE_METHOD_MATCH = YES;
				"CODE_SIGN_IDENTITY[sdk=iphoneos*]" = "iPhone Developer";
				COPY_PHASE_STRIP = NO;
				CURRENT_PROJECT_VERSION = 1;
				DEBUG_INFORMATION_FORMAT = dwarf;
				ENABLE_STRICT_OBJC_MSGSEND = YES;
				ENABLE_TESTABILITY = YES;
				GCC_C_LANGUAGE_STANDARD = gnu99;
				GCC_DYNAMIC_NO_PIC = NO;
				GCC_NO_COMMON_BLOCKS = YES;
				GCC_OPTIMIZATION_LEVEL = 0;
				GCC_PREPROCESSOR_DEFINITIONS = (
					"DEBUG=1",
					"$(inherited)",
				);
				GCC_WARN_64_TO_32_BIT_CONVERSION = YES;
				GCC_WARN_ABOUT_RETURN_TYPE = YES_ERROR;
				GCC_WARN_UNDECLARED_SELECTOR = YES;
				GCC_WARN_UNINITIALIZED_AUTOS = YES_AGGRESSIVE;
				GCC_WARN_UNUSED_FUNCTION = YES;
				GCC_WARN_UNUSED_VARIABLE = YES;
				IPHONEOS_DEPLOYMENT_TARGET = 10.2;
				MTL_ENABLE_DEBUG_INFO = YES;
				ONLY_ACTIVE_ARCH = YES;
				SDKROOT = iphoneos;
				SWIFT_ACTIVE_COMPILATION_CONDITIONS = DEBUG;
				SWIFT_OPTIMIZATION_LEVEL = "-Onone";
				SWIFT_VERSION = 5.0;
				TARGETED_DEVICE_FAMILY = "1,2";
				VERSIONING_SYSTEM = "apple-generic";
				VERSION_INFO_PREFIX = "";
			};
			name = Debug;
		};
		E9CAB2B21E21954B00CDA4E2 /* Release */ = {
			isa = XCBuildConfiguration;
			buildSettings = {
				ALWAYS_SEARCH_USER_PATHS = NO;
				CLANG_ANALYZER_LOCALIZABILITY_NONLOCALIZED = YES;
				CLANG_ANALYZER_NONNULL = YES;
				CLANG_CXX_LANGUAGE_STANDARD = "gnu++0x";
				CLANG_CXX_LIBRARY = "libc++";
				CLANG_ENABLE_MODULES = YES;
				CLANG_ENABLE_OBJC_ARC = YES;
				CLANG_WARN_BLOCK_CAPTURE_AUTORELEASING = YES;
				CLANG_WARN_BOOL_CONVERSION = YES;
				CLANG_WARN_COMMA = YES;
				CLANG_WARN_CONSTANT_CONVERSION = YES;
				CLANG_WARN_DEPRECATED_OBJC_IMPLEMENTATIONS = YES;
				CLANG_WARN_DIRECT_OBJC_ISA_USAGE = YES_ERROR;
				CLANG_WARN_DOCUMENTATION_COMMENTS = YES;
				CLANG_WARN_EMPTY_BODY = YES;
				CLANG_WARN_ENUM_CONVERSION = YES;
				CLANG_WARN_INFINITE_RECURSION = YES;
				CLANG_WARN_INT_CONVERSION = YES;
				CLANG_WARN_NON_LITERAL_NULL_CONVERSION = YES;
				CLANG_WARN_OBJC_IMPLICIT_RETAIN_SELF = YES;
				CLANG_WARN_OBJC_LITERAL_CONVERSION = YES;
				CLANG_WARN_OBJC_ROOT_CLASS = YES_ERROR;
				CLANG_WARN_RANGE_LOOP_ANALYSIS = YES;
				CLANG_WARN_STRICT_PROTOTYPES = YES;
				CLANG_WARN_SUSPICIOUS_MOVE = YES;
				CLANG_WARN_UNREACHABLE_CODE = YES;
				CLANG_WARN__DUPLICATE_METHOD_MATCH = YES;
				"CODE_SIGN_IDENTITY[sdk=iphoneos*]" = "iPhone Developer";
				COPY_PHASE_STRIP = NO;
				CURRENT_PROJECT_VERSION = 1;
				DEBUG_INFORMATION_FORMAT = "dwarf-with-dsym";
				ENABLE_NS_ASSERTIONS = NO;
				ENABLE_STRICT_OBJC_MSGSEND = YES;
				GCC_C_LANGUAGE_STANDARD = gnu99;
				GCC_NO_COMMON_BLOCKS = YES;
				GCC_WARN_64_TO_32_BIT_CONVERSION = YES;
				GCC_WARN_ABOUT_RETURN_TYPE = YES_ERROR;
				GCC_WARN_UNDECLARED_SELECTOR = YES;
				GCC_WARN_UNINITIALIZED_AUTOS = YES_AGGRESSIVE;
				GCC_WARN_UNUSED_FUNCTION = YES;
				GCC_WARN_UNUSED_VARIABLE = YES;
				IPHONEOS_DEPLOYMENT_TARGET = 10.2;
				MTL_ENABLE_DEBUG_INFO = NO;
				SDKROOT = iphoneos;
				SWIFT_OPTIMIZATION_LEVEL = "-Owholemodule";
				SWIFT_VERSION = 5.0;
				TARGETED_DEVICE_FAMILY = "1,2";
				VALIDATE_PRODUCT = YES;
				VERSIONING_SYSTEM = "apple-generic";
				VERSION_INFO_PREFIX = "";
			};
			name = Release;
		};
		E9CAB2B41E21954B00CDA4E2 /* Debug */ = {
			isa = XCBuildConfiguration;
			buildSettings = {
				CLANG_ENABLE_MODULES = YES;
				CODE_SIGN_IDENTITY = "";
				DEFINES_MODULE = YES;
				DEVELOPMENT_TEAM = 6449Q3J4XH;
				DYLIB_COMPATIBILITY_VERSION = 1;
				DYLIB_CURRENT_VERSION = 1;
				DYLIB_INSTALL_NAME_BASE = "@rpath";
				INFOPLIST_FILE = Sources/Other/Info.plist;
				INSTALL_PATH = "$(LOCAL_LIBRARY_DIR)/Frameworks";
				IPHONEOS_DEPLOYMENT_TARGET = 9.0;
				LD_RUNPATH_SEARCH_PATHS = "$(inherited) @executable_path/Frameworks @loader_path/Frameworks";
				MARKETING_VERSION = 7.0.0;
				PRODUCT_BUNDLE_IDENTIFIER = ch.upte.Constraid;
				PRODUCT_NAME = Constraid;
				SKIP_INSTALL = YES;
				SWIFT_OPTIMIZATION_LEVEL = "-Onone";
				SWIFT_SWIFT3_OBJC_INFERENCE = Default;
				SWIFT_VERSION = 5.0;
			};
			name = Debug;
		};
		E9CAB2B51E21954B00CDA4E2 /* Release */ = {
			isa = XCBuildConfiguration;
			buildSettings = {
				CLANG_ENABLE_MODULES = YES;
				CODE_SIGN_IDENTITY = "";
				DEFINES_MODULE = YES;
				DEVELOPMENT_TEAM = 6449Q3J4XH;
				DYLIB_COMPATIBILITY_VERSION = 1;
				DYLIB_CURRENT_VERSION = 1;
				DYLIB_INSTALL_NAME_BASE = "@rpath";
				INFOPLIST_FILE = Sources/Other/Info.plist;
				INSTALL_PATH = "$(LOCAL_LIBRARY_DIR)/Frameworks";
				IPHONEOS_DEPLOYMENT_TARGET = 9.0;
				LD_RUNPATH_SEARCH_PATHS = "$(inherited) @executable_path/Frameworks @loader_path/Frameworks";
				MARKETING_VERSION = 7.0.0;
				PRODUCT_BUNDLE_IDENTIFIER = ch.upte.Constraid;
				PRODUCT_NAME = Constraid;
				SKIP_INSTALL = YES;
				SWIFT_SWIFT3_OBJC_INFERENCE = Default;
				SWIFT_VERSION = 5.0;
			};
			name = Release;
		};
		E9CAB2B71E21954B00CDA4E2 /* Debug */ = {
			isa = XCBuildConfiguration;
			buildSettings = {
				ALWAYS_EMBED_SWIFT_STANDARD_LIBRARIES = YES;
				DEVELOPMENT_TEAM = 6449Q3J4XH;
				INFOPLIST_FILE = Tests/Info.plist;
				LD_RUNPATH_SEARCH_PATHS = "$(inherited) @executable_path/Frameworks @loader_path/Frameworks";
				PRODUCT_BUNDLE_IDENTIFIER = ch.upte.ConstraidTests;
				PRODUCT_NAME = "$(TARGET_NAME)";
				SWIFT_SWIFT3_OBJC_INFERENCE = Default;
				SWIFT_VERSION = 5.0;
			};
			name = Debug;
		};
		E9CAB2B81E21954B00CDA4E2 /* Release */ = {
			isa = XCBuildConfiguration;
			buildSettings = {
				ALWAYS_EMBED_SWIFT_STANDARD_LIBRARIES = YES;
				DEVELOPMENT_TEAM = 6449Q3J4XH;
				INFOPLIST_FILE = Tests/Info.plist;
				LD_RUNPATH_SEARCH_PATHS = "$(inherited) @executable_path/Frameworks @loader_path/Frameworks";
				PRODUCT_BUNDLE_IDENTIFIER = ch.upte.ConstraidTests;
				PRODUCT_NAME = "$(TARGET_NAME)";
				SWIFT_SWIFT3_OBJC_INFERENCE = Default;
				SWIFT_VERSION = 5.0;
			};
			name = Release;
		};
		E9EDB5F91E2E9F6600C0D060 /* Debug */ = {
			isa = XCBuildConfiguration;
			buildSettings = {
				CODE_SIGN_IDENTITY = "-";
				COMBINE_HIDPI_IMAGES = YES;
				DEFINES_MODULE = YES;
				DEVELOPMENT_TEAM = 6449Q3J4XH;
				DYLIB_COMPATIBILITY_VERSION = 1;
				DYLIB_CURRENT_VERSION = 1;
				DYLIB_INSTALL_NAME_BASE = "@rpath";
				FRAMEWORK_VERSION = A;
				INFOPLIST_FILE = Sources/Other/Info.plist;
				INSTALL_PATH = "$(LOCAL_LIBRARY_DIR)/Frameworks";
				LD_RUNPATH_SEARCH_PATHS = "$(inherited) @executable_path/../Frameworks @loader_path/Frameworks";
				MACOSX_DEPLOYMENT_TARGET = 10.12;
				PRODUCT_BUNDLE_IDENTIFIER = "ch.upte.Constraid-MacOS";
				PRODUCT_NAME = Constraid;
				SDKROOT = macosx;
				SKIP_INSTALL = YES;
				SWIFT_VERSION = 5.0;
			};
			name = Debug;
		};
		E9EDB5FA1E2E9F6600C0D060 /* Release */ = {
			isa = XCBuildConfiguration;
			buildSettings = {
				CODE_SIGN_IDENTITY = "-";
				COMBINE_HIDPI_IMAGES = YES;
				DEFINES_MODULE = YES;
				DEVELOPMENT_TEAM = 6449Q3J4XH;
				DYLIB_COMPATIBILITY_VERSION = 1;
				DYLIB_CURRENT_VERSION = 1;
				DYLIB_INSTALL_NAME_BASE = "@rpath";
				FRAMEWORK_VERSION = A;
				INFOPLIST_FILE = Sources/Other/Info.plist;
				INSTALL_PATH = "$(LOCAL_LIBRARY_DIR)/Frameworks";
				LD_RUNPATH_SEARCH_PATHS = "$(inherited) @executable_path/../Frameworks @loader_path/Frameworks";
				MACOSX_DEPLOYMENT_TARGET = 10.12;
				PRODUCT_BUNDLE_IDENTIFIER = "ch.upte.Constraid-MacOS";
				PRODUCT_NAME = Constraid;
				SDKROOT = macosx;
				SKIP_INSTALL = YES;
				SWIFT_VERSION = 5.0;
			};
			name = Release;
		};
/* End XCBuildConfiguration section */

/* Begin XCConfigurationList section */
		E9CAB2991E21954B00CDA4E2 /* Build configuration list for PBXProject "Constraid" */ = {
			isa = XCConfigurationList;
			buildConfigurations = (
				E9CAB2B11E21954B00CDA4E2 /* Debug */,
				E9CAB2B21E21954B00CDA4E2 /* Release */,
			);
			defaultConfigurationIsVisible = 0;
			defaultConfigurationName = Release;
		};
		E9CAB2B31E21954B00CDA4E2 /* Build configuration list for PBXNativeTarget "Constraid-iOS" */ = {
			isa = XCConfigurationList;
			buildConfigurations = (
				E9CAB2B41E21954B00CDA4E2 /* Debug */,
				E9CAB2B51E21954B00CDA4E2 /* Release */,
			);
			defaultConfigurationIsVisible = 0;
			defaultConfigurationName = Release;
		};
		E9CAB2B61E21954B00CDA4E2 /* Build configuration list for PBXNativeTarget "Constraid-iOSTests" */ = {
			isa = XCConfigurationList;
			buildConfigurations = (
				E9CAB2B71E21954B00CDA4E2 /* Debug */,
				E9CAB2B81E21954B00CDA4E2 /* Release */,
			);
			defaultConfigurationIsVisible = 0;
			defaultConfigurationName = Release;
		};
		E9EDB5F81E2E9F6600C0D060 /* Build configuration list for PBXNativeTarget "Constraid-MacOS" */ = {
			isa = XCConfigurationList;
			buildConfigurations = (
				E9EDB5F91E2E9F6600C0D060 /* Debug */,
				E9EDB5FA1E2E9F6600C0D060 /* Release */,
			);
			defaultConfigurationIsVisible = 0;
			defaultConfigurationName = Release;
		};
/* End XCConfigurationList section */
	};
	rootObject = E9CAB2961E21954B00CDA4E2 /* Project object */;
}
